
Microsoft Visual Studio Solution File, Format Version 12.00
# Visual Studio Version 16
VisualStudioVersion = 16.0.29728.190
MinimumVisualStudioVersion = 10.0.40219.1
Project("{9A19103F-16F7-4668-BE54-9A1E7A4F7556}") = "Data", "Data\Data.csproj", "{833858A1-E43A-4843-BE49-8621DA66EAC9}"
EndProject
Project("{9A19103F-16F7-4668-BE54-9A1E7A4F7556}") = "PBDotNetLib", "PBDotNetLib\PBDotNetLib.csproj", "{6B162483-0964-4624-A6B1-F98802E07661}"
EndProject
Project("{FAE04EC0-301F-11D3-BF4B-00C04F79EFBC}") = "LibBuilder.WPF", "LibBuilder.WPF\LibBuilder.WPF.csproj", "{FB1DD81E-2AD2-4505-B833-2E0F172F88D5}"
EndProject
Project("{2150E333-8FDC-42A3-9474-1A3956D46DE8}") = "Targets", "Targets", "{F336EDFB-F52C-4BCC-8718-148685EFA979}"
EndProject
Project("{9A19103F-16F7-4668-BE54-9A1E7A4F7556}") = "LibBuilder.WPFCore", "LibBuilder.WPFCore\LibBuilder.WPFCore.csproj", "{FF977EEE-27EA-4E04-8F9E-BE5B6618CE09}"
EndProject
Project("{9A19103F-16F7-4668-BE54-9A1E7A4F7556}") = "LibBuilder.Core", "LibBuilder.Core\LibBuilder.Core.csproj", "{7392C679-CBF8-43AA-B203-C1C8ADEC1689}"
EndProject
Project("{2150E333-8FDC-42A3-9474-1A3956D46DE8}") = "Solution Items", "Solution Items", "{730D2C04-3B93-4E65-9FB3-F3137E1E4812}"
	ProjectSection(SolutionItems) = preProject
		Code Rules.ruleset = Code Rules.ruleset
		CodeMaid.config = CodeMaid.config
	EndProjectSection
EndProject
Project("{2150E333-8FDC-42A3-9474-1A3956D46DE8}") = "screenshots", "screenshots", "{55312E17-062B-411A-A71F-E35CA3DF15AC}"
	ProjectSection(SolutionItems) = preProject
		Screenshots\colors.png = Screenshots\colors.png
		Screenshots\history.png = Screenshots\history.png
		Screenshots\installfiles.png = Screenshots\installfiles.png
		Screenshots\library objects.png = Screenshots\library objects.png
		Screenshots\multiple processes.gif = Screenshots\multiple processes.gif
		Screenshots\mutiple processes.png = Screenshots\mutiple processes.png
		Screenshots\run with errors.png = Screenshots\run with errors.png
		Screenshots\run without errors.png = Screenshots\run without errors.png
		Screenshots\update.png = Screenshots\update.png
	EndProjectSection
EndProject
Global
	GlobalSection(SolutionConfigurationPlatforms) = preSolution
		Debug|Any CPU = Debug|Any CPU
		Debug|x64 = Debug|x64
		Debug|x86 = Debug|x86
		Release|Any CPU = Release|Any CPU
		Release|x64 = Release|x64
		Release|x86 = Release|x86
	EndGlobalSection
	GlobalSection(ProjectConfigurationPlatforms) = postSolution
		{833858A1-E43A-4843-BE49-8621DA66EAC9}.Debug|Any CPU.ActiveCfg = Debug|Any CPU
		{833858A1-E43A-4843-BE49-8621DA66EAC9}.Debug|Any CPU.Build.0 = Debug|Any CPU
		{833858A1-E43A-4843-BE49-8621DA66EAC9}.Debug|x64.ActiveCfg = Debug|x64
		{833858A1-E43A-4843-BE49-8621DA66EAC9}.Debug|x64.Build.0 = Debug|x64
		{833858A1-E43A-4843-BE49-8621DA66EAC9}.Debug|x86.ActiveCfg = Debug|x86
		{833858A1-E43A-4843-BE49-8621DA66EAC9}.Debug|x86.Build.0 = Debug|x86
		{833858A1-E43A-4843-BE49-8621DA66EAC9}.Release|Any CPU.ActiveCfg = Release|x86
		{833858A1-E43A-4843-BE49-8621DA66EAC9}.Release|x64.ActiveCfg = Release|x64
		{833858A1-E43A-4843-BE49-8621DA66EAC9}.Release|x64.Build.0 = Release|x64
		{833858A1-E43A-4843-BE49-8621DA66EAC9}.Release|x86.ActiveCfg = Release|x86
		{833858A1-E43A-4843-BE49-8621DA66EAC9}.Release|x86.Build.0 = Release|x86
		{6B162483-0964-4624-A6B1-F98802E07661}.Debug|Any CPU.ActiveCfg = Debug|Any CPU
		{6B162483-0964-4624-A6B1-F98802E07661}.Debug|Any CPU.Build.0 = Debug|Any CPU
		{6B162483-0964-4624-A6B1-F98802E07661}.Debug|x64.ActiveCfg = Debug|x64
		{6B162483-0964-4624-A6B1-F98802E07661}.Debug|x64.Build.0 = Debug|x64
		{6B162483-0964-4624-A6B1-F98802E07661}.Debug|x86.ActiveCfg = Debug|x86
		{6B162483-0964-4624-A6B1-F98802E07661}.Debug|x86.Build.0 = Debug|x86
		{6B162483-0964-4624-A6B1-F98802E07661}.Release|Any CPU.ActiveCfg = Release|x86
		{6B162483-0964-4624-A6B1-F98802E07661}.Release|x64.ActiveCfg = Release|x64
		{6B162483-0964-4624-A6B1-F98802E07661}.Release|x64.Build.0 = Release|x64
		{6B162483-0964-4624-A6B1-F98802E07661}.Release|x86.ActiveCfg = Release|x86
		{6B162483-0964-4624-A6B1-F98802E07661}.Release|x86.Build.0 = Release|x86
		{FB1DD81E-2AD2-4505-B833-2E0F172F88D5}.Debug|Any CPU.ActiveCfg = Debug|Any CPU
		{FB1DD81E-2AD2-4505-B833-2E0F172F88D5}.Debug|Any CPU.Build.0 = Debug|Any CPU
		{FB1DD81E-2AD2-4505-B833-2E0F172F88D5}.Debug|x64.ActiveCfg = Debug|x64
		{FB1DD81E-2AD2-4505-B833-2E0F172F88D5}.Debug|x64.Build.0 = Debug|x64
		{FB1DD81E-2AD2-4505-B833-2E0F172F88D5}.Debug|x86.ActiveCfg = Debug|x86
		{FB1DD81E-2AD2-4505-B833-2E0F172F88D5}.Debug|x86.Build.0 = Debug|x86
		{FB1DD81E-2AD2-4505-B833-2E0F172F88D5}.Release|Any CPU.ActiveCfg = Release|Any CPU
		{FB1DD81E-2AD2-4505-B833-2E0F172F88D5}.Release|Any CPU.Build.0 = Release|Any CPU
		{FB1DD81E-2AD2-4505-B833-2E0F172F88D5}.Release|x64.ActiveCfg = Release|x64
		{FB1DD81E-2AD2-4505-B833-2E0F172F88D5}.Release|x64.Build.0 = Release|x64
		{FB1DD81E-2AD2-4505-B833-2E0F172F88D5}.Release|x86.ActiveCfg = Release|Any CPU
		{FB1DD81E-2AD2-4505-B833-2E0F172F88D5}.Release|x86.Build.0 = Release|Any CPU
		{FF977EEE-27EA-4E04-8F9E-BE5B6618CE09}.Debug|Any CPU.ActiveCfg = Debug|Any CPU
		{FF977EEE-27EA-4E04-8F9E-BE5B6618CE09}.Debug|Any CPU.Build.0 = Debug|Any CPU
		{FF977EEE-27EA-4E04-8F9E-BE5B6618CE09}.Debug|x64.ActiveCfg = Debug|x64
		{FF977EEE-27EA-4E04-8F9E-BE5B6618CE09}.Debug|x64.Build.0 = Debug|x64
		{FF977EEE-27EA-4E04-8F9E-BE5B6618CE09}.Debug|x86.ActiveCfg = Debug|x86
		{FF977EEE-27EA-4E04-8F9E-BE5B6618CE09}.Debug|x86.Build.0 = Debug|x86
		{FF977EEE-27EA-4E04-8F9E-BE5B6618CE09}.Release|Any CPU.ActiveCfg = Release|Any CPU
		{FF977EEE-27EA-4E04-8F9E-BE5B6618CE09}.Release|Any CPU.Build.0 = Release|Any CPU
		{FF977EEE-27EA-4E04-8F9E-BE5B6618CE09}.Release|x64.ActiveCfg = Release|x64
		{FF977EEE-27EA-4E04-8F9E-BE5B6618CE09}.Release|x64.Build.0 = Release|x64
		{FF977EEE-27EA-4E04-8F9E-BE5B6618CE09}.Release|x86.ActiveCfg = Release|x86
		{FF977EEE-27EA-4E04-8F9E-BE5B6618CE09}.Release|x86.Build.0 = Release|x86
		{7392C679-CBF8-43AA-B203-C1C8ADEC1689}.Debug|Any CPU.ActiveCfg = Debug|Any CPU
		{7392C679-CBF8-43AA-B203-C1C8ADEC1689}.Debug|Any CPU.Build.0 = Debug|Any CPU
		{7392C679-CBF8-43AA-B203-C1C8ADEC1689}.Debug|x64.ActiveCfg = Debug|x64
		{7392C679-CBF8-43AA-B203-C1C8ADEC1689}.Debug|x64.Build.0 = Debug|x64
		{7392C679-CBF8-43AA-B203-C1C8ADEC1689}.Debug|x86.ActiveCfg = Debug|x86
		{7392C679-CBF8-43AA-B203-C1C8ADEC1689}.Debug|x86.Build.0 = Debug|x86
		{7392C679-CBF8-43AA-B203-C1C8ADEC1689}.Release|Any CPU.ActiveCfg = Release|Any CPU
		{7392C679-CBF8-43AA-B203-C1C8ADEC1689}.Release|Any CPU.Build.0 = Release|Any CPU
		{7392C679-CBF8-43AA-B203-C1C8ADEC1689}.Release|x64.ActiveCfg = Release|x64
		{7392C679-CBF8-43AA-B203-C1C8ADEC1689}.Release|x64.Build.0 = Release|x64
		{7392C679-CBF8-43AA-B203-C1C8ADEC1689}.Release|x86.ActiveCfg = Release|x86
		{7392C679-CBF8-43AA-B203-C1C8ADEC1689}.Release|x86.Build.0 = Release|x86
	EndGlobalSection
	GlobalSection(SolutionProperties) = preSolution
		HideSolutionNode = FALSE
	EndGlobalSection
	GlobalSection(NestedProjects) = preSolution
		{FB1DD81E-2AD2-4505-B833-2E0F172F88D5} = {F336EDFB-F52C-4BCC-8718-148685EFA979}
		{FF977EEE-27EA-4E04-8F9E-BE5B6618CE09} = {F336EDFB-F52C-4BCC-8718-148685EFA979}
	EndGlobalSection
	GlobalSection(ExtensibilityGlobals) = postSolution
		SolutionGuid = {BE881140-8E07-4C63-9F3F-B37CAB6E2FC9}
	EndGlobalSection
EndGlobal
